lockfileVersion: '6.0'

settings:
  autoInstallPeers: true
  excludeLinksFromLockfile: false

dependencies:
  '@swc/core':
    specifier: ^1.3.102
    version: 1.3.102
  discord.js:
    specifier: ^14.14.1
    version: 14.14.1
  dotenv:
    specifier: ^16.3.1
    version: 16.3.1
  pocketbase:
    specifier: ^0.20.1
    version: 0.20.1

packages:

  /@discordjs/builders@1.7.0:
    resolution: {integrity: sha512-GDtbKMkg433cOZur8Dv6c25EHxduNIBsxeHrsRoIM8+AwmEZ8r0tEpckx/sHwTLwQPOF3e2JWloZh9ofCaMfAw==}
    engines: {node: '>=16.11.0'}
    dependencies:
      '@discordjs/formatters': 0.3.3
      '@discordjs/util': 1.0.2
      '@sapphire/shapeshift': 3.9.5
      discord-api-types: 0.37.61
      fast-deep-equal: 3.1.3
      ts-mixer: 6.0.3
      tslib: 2.6.2
    dev: false

  /@discordjs/collection@1.5.3:
    resolution: {integrity: sha512-SVb428OMd3WO1paV3rm6tSjM4wC+Kecaa1EUGX7vc6/fddvw/6lg90z4QtCqm21zvVe92vMMDt9+DkIvjXImQQ==}
    engines: {node: '>=16.11.0'}
    dev: false

  /@discordjs/collection@2.0.0:
    resolution: {integrity: sha512-YTWIXLrf5FsrLMycpMM9Q6vnZoR/lN2AWX23/Cuo8uOOtS8eHB2dyQaaGnaF8aZPYnttf2bkLMcXn/j6JUOi3w==}
    engines: {node: '>=18'}
    dev: false

  /@discordjs/formatters@0.3.3:
    resolution: {integrity: sha512-wTcI1Q5cps1eSGhl6+6AzzZkBBlVrBdc9IUhJbijRgVjCNIIIZPgqnUj3ntFODsHrdbGU8BEG9XmDQmgEEYn3w==}
    engines: {node: '>=16.11.0'}
    dependencies:
      discord-api-types: 0.37.61
    dev: false

  /@discordjs/rest@2.2.0:
    resolution: {integrity: sha512-nXm9wT8oqrYFRMEqTXQx9DUTeEtXUDMmnUKIhZn6O2EeDY9VCdwj23XCPq7fkqMPKdF7ldAfeVKyxxFdbZl59A==}
    engines: {node: '>=16.11.0'}
    dependencies:
      '@discordjs/collection': 2.0.0
      '@discordjs/util': 1.0.2
      '@sapphire/async-queue': 1.5.1
      '@sapphire/snowflake': 3.5.1
      '@vladfrangu/async_event_emitter': 2.2.4
      discord-api-types: 0.37.61
      magic-bytes.js: 1.7.0
      tslib: 2.6.2
      undici: 5.27.2
    dev: false

  /@discordjs/util@1.0.2:
    resolution: {integrity: sha512-IRNbimrmfb75GMNEjyznqM1tkI7HrZOf14njX7tCAAUetyZM1Pr8hX/EK2lxBCOgWDRmigbp24fD1hdMfQK5lw==}
    engines: {node: '>=16.11.0'}
    dev: false

  /@discordjs/ws@1.0.2:
    resolution: {integrity: sha512-+XI82Rm2hKnFwAySXEep4A7Kfoowt6weO6381jgW+wVdTpMS/56qCvoXyFRY0slcv7c/U8My2PwIB2/wEaAh7Q==}
    engines: {node: '>=16.11.0'}
    dependencies:
      '@discordjs/collection': 2.0.0
      '@discordjs/rest': 2.2.0
      '@discordjs/util': 1.0.2
      '@sapphire/async-queue': 1.5.1
      '@types/ws': 8.5.9
      '@vladfrangu/async_event_emitter': 2.2.4
      discord-api-types: 0.37.61
      tslib: 2.6.2
      ws: 8.14.2
    transitivePeerDependencies:
      - bufferutil
      - utf-8-validate
    dev: false

  /@fastify/busboy@2.1.0:
    resolution: {integrity: sha512-+KpH+QxZU7O4675t3mnkQKcZZg56u+K/Ct2K+N2AZYNVK8kyeo/bI18tI8aPm3tvNNRyTWfj6s5tnGNlcbQRsA==}
    engines: {node: '>=14'}
    dev: false

  /@sapphire/async-queue@1.5.1:
    resolution: {integrity: sha512-1RdpsmDQR/aWfp8oJzPtn4dNQrbpqSL5PIA0uAB/XwerPXUf994Ug1au1e7uGcD7ei8/F63UDjr5GWps1g/HxQ==}
    engines: {node: '>=v14.0.0', npm: '>=7.0.0'}
    dev: false

  /@sapphire/shapeshift@3.9.5:
    resolution: {integrity: sha512-AGdHe+51gF7D3W8hBfuSFLBocURDCXVQczScTHXDS3RpNjNgrktIx/amlz5y8nHhm8SAdFt/X8EF8ZSfjJ0tnA==}
    engines: {node: '>=v18'}
    dependencies:
      fast-deep-equal: 3.1.3
      lodash: 4.17.21
    dev: false

  /@sapphire/snowflake@3.5.1:
    resolution: {integrity: sha512-BxcYGzgEsdlG0dKAyOm0ehLGm2CafIrfQTZGWgkfKYbj+pNNsorZ7EotuZukc2MT70E0UbppVbtpBrqpzVzjNA==}
    engines: {node: '>=v14.0.0', npm: '>=7.0.0'}
    dev: false

  /@swc/core-darwin-arm64@1.3.102:
    resolution: {integrity: sha512-CJDxA5Wd2cUMULj3bjx4GEoiYyyiyL8oIOu4Nhrs9X+tlg8DnkCm4nI57RJGP8Mf6BaXPIJkHX8yjcefK2RlDA==}
    engines: {node: '>=10'}
    cpu: [arm64]
    os: [darwin]
    requiresBuild: true
    dev: false
    optional: true

  /@swc/core-darwin-x64@1.3.102:
    resolution: {integrity: sha512-X5akDkHwk6oAer49oER0qZMjNMkLH3IOZaV1m98uXIasAGyjo5WH1MKPeMLY1sY6V6TrufzwiSwD4ds571ytcg==}
    engines: {node: '>=10'}
    cpu: [x64]
    os: [darwin]
    requiresBuild: true
    dev: false
    optional: true

  /@swc/core-linux-arm-gnueabihf@1.3.102:
    resolution: {integrity: sha512-kJH3XtZP9YQdjq/wYVBeFuiVQl4HaC4WwRrIxAHwe2OyvrwUI43dpW3LpxSggBnxXcVCXYWf36sTnv8S75o2Gw==}
    engines: {node: '>=10'}
    cpu: [arm]
    os: [linux]
    requiresBuild: true
    dev: false
    optional: true

  /@swc/core-linux-arm64-gnu@1.3.102:
    resolution: {integrity: sha512-flQP2WDyCgO24WmKA1wjjTx+xfCmavUete2Kp6yrM+631IHLGnr17eu7rYJ/d4EnDBId/ytMyrnWbTVkaVrpbQ==}
    engines: {node: '>=10'}
    cpu: [arm64]
    os: [linux]
    requiresBuild: true
    dev: false
    optional: true

  /@swc/core-linux-arm64-musl@1.3.102:
    resolution: {integrity: sha512-bQEQSnC44DyoIGLw1+fNXKVGoCHi7eJOHr8BdH0y1ooy9ArskMjwobBFae3GX4T1AfnrTaejyr0FvLYIb0Zkog==}
    engines: {node: '>=10'}
    cpu: [arm64]
    os: [linux]
    requiresBuild: true
    dev: false
    optional: true

  /@swc/core-linux-x64-gnu@1.3.102:
    resolution: {integrity: sha512-dFvnhpI478svQSxqISMt00MKTDS0e4YtIr+ioZDG/uJ/q+RpcNy3QI2KMm05Fsc8Y0d4krVtvCKWgfUMsJZXAg==}
    engines: {node: '>=10'}
    cpu: [x64]
    os: [linux]
    requiresBuild: true
    dev: false
    optional: true

  /@swc/core-linux-x64-musl@1.3.102:
    resolution: {integrity: sha512-+a0M3CvjeIRNA/jTCzWEDh2V+mhKGvLreHOL7J97oULZy5yg4gf7h8lQX9J8t9QLbf6fsk+0F8bVH1Ie/PbXjA==}
    engines: {node: '>=10'}
    cpu: [x64]
    os: [linux]
    requiresBuild: true
    dev: false
    optional: true

  /@swc/core-win32-arm64-msvc@1.3.102:
    resolution: {integrity: sha512-w76JWLjkZNOfkB25nqdWUNCbt0zJ41CnWrJPZ+LxEai3zAnb2YtgB/cCIrwxDebRuMgE9EJXRj7gDDaTEAMOOQ==}
    engines: {node: '>=10'}
    cpu: [arm64]
    os: [win32]
    requiresBuild: true
    dev: false
    optional: true

  /@swc/core-win32-ia32-msvc@1.3.102:
    resolution: {integrity: sha512-vlDb09HiGqKwz+2cxDS9T5/461ipUQBplvuhW+cCbzzGuPq8lll2xeyZU0N1E4Sz3MVdSPx1tJREuRvlQjrwNg==}
    engines: {node: '>=10'}
    cpu: [ia32]
    os: [win32]
    requiresBuild: true
    dev: false
    optional: true

  /@swc/core-win32-x64-msvc@1.3.102:
    resolution: {integrity: sha512-E/jfSD7sShllxBwwgDPeXp1UxvIqehj/ShSUqq1pjR/IDRXngcRSXKJK92mJkNFY7suH6BcCWwzrxZgkO7sWmw==}
    engines: {node: '>=10'}
    cpu: [x64]
    os: [win32]
    requiresBuild: true
    dev: false
    optional: true

  /@swc/core@1.3.102:
    resolution: {integrity: sha512-OAjNLY/f6QWKSDzaM3bk31A+OYHu6cPa9P/rFIx8X5d24tHXUpRiiq6/PYI6SQRjUPlB72GjsjoEU8F+ALadHg==}
    engines: {node: '>=10'}
    requiresBuild: true
    peerDependencies:
      '@swc/helpers': ^0.5.0
    peerDependenciesMeta:
      '@swc/helpers':
        optional: true
    dependencies:
      '@swc/counter': 0.1.2
      '@swc/types': 0.1.5
    optionalDependencies:
      '@swc/core-darwin-arm64': 1.3.102
      '@swc/core-darwin-x64': 1.3.102
      '@swc/core-linux-arm-gnueabihf': 1.3.102
      '@swc/core-linux-arm64-gnu': 1.3.102
      '@swc/core-linux-arm64-musl': 1.3.102
      '@swc/core-linux-x64-gnu': 1.3.102
      '@swc/core-linux-x64-musl': 1.3.102
      '@swc/core-win32-arm64-msvc': 1.3.102
      '@swc/core-win32-ia32-msvc': 1.3.102
      '@swc/core-win32-x64-msvc': 1.3.102
    dev: false

  /@swc/counter@0.1.2:
    resolution: {integrity: sha512-9F4ys4C74eSTEUNndnER3VJ15oru2NumfQxS8geE+f3eB5xvfxpWyqE5XlVnxb/R14uoXi6SLbBwwiDSkv+XEw==}
    dev: false

  /@swc/types@0.1.5:
    resolution: {integrity: sha512-myfUej5naTBWnqOCc/MdVOLVjXUXtIA+NpDrDBKJtLLg2shUjBu3cZmB/85RyitKc55+lUUyl7oRfLOvkr2hsw==}
    dev: false

  /@types/node@20.10.8:
    resolution: {integrity: sha512-f8nQs3cLxbAFc00vEU59yf9UyGUftkPaLGfvbVOIDdx2i1b8epBqj2aNGyP19fiyXWvlmZ7qC1XLjAzw/OKIeA==}
    dependencies:
      undici-types: 5.26.5
    dev: false

  /@types/ws@8.5.9:
    resolution: {integrity: sha512-jbdrY0a8lxfdTp/+r7Z4CkycbOFN8WX+IOchLJr3juT/xzbJ8URyTVSJ/hvNdadTgM1mnedb47n+Y31GsFnQlg==}
    dependencies:
      '@types/node': 20.10.8
    dev: false

  /@vladfrangu/async_event_emitter@2.2.4:
    resolution: {integrity: sha512-ButUPz9E9cXMLgvAW8aLAKKJJsPu1dY1/l/E8xzLFuysowXygs6GBcyunK9rnGC4zTsnIc2mQo71rGw9U+Ykug==}
    engines: {node: '>=v14.0.0', npm: '>=7.0.0'}
    dev: false

  /discord-api-types@0.37.61:
    resolution: {integrity: sha512-o/dXNFfhBpYHpQFdT6FWzeO7pKc838QeeZ9d91CfVAtpr5XLK4B/zYxQbYgPdoMiTDvJfzcsLW5naXgmHGDNXw==}
    dev: false

  /discord.js@14.14.1:
    resolution: {integrity: sha512-/hUVzkIerxKHyRKopJy5xejp4MYKDPTszAnpYxzVVv4qJYf+Tkt+jnT2N29PIPschicaEEpXwF2ARrTYHYwQ5w==}
    engines: {node: '>=16.11.0'}
    dependencies:
      '@discordjs/builders': 1.7.0
      '@discordjs/collection': 1.5.3
      '@discordjs/formatters': 0.3.3
      '@discordjs/rest': 2.2.0
      '@discordjs/util': 1.0.2
      '@discordjs/ws': 1.0.2
      '@sapphire/snowflake': 3.5.1
      '@types/ws': 8.5.9
      discord-api-types: 0.37.61
      fast-deep-equal: 3.1.3
      lodash.snakecase: 4.1.1
      tslib: 2.6.2
      undici: 5.27.2
      ws: 8.14.2
    transitivePeerDependencies:
      - bufferutil
      - utf-8-validate
    dev: false

  /dotenv@16.3.1:
    resolution: {integrity: sha512-IPzF4w4/Rd94bA9imS68tZBaYyBWSCE47V1RGuMrB94iyTOIEwRmVL2x/4An+6mETpLrKJ5hQkB8W4kFAadeIQ==}
    engines: {node: '>=12'}
    dev: false

  /fast-deep-equal@3.1.3:
    resolution: {integrity: sha512-f3qQ9oQy9j2AhBe/H9VC91wLmKBCCU/gDOnKNAYG5hswO7BLKj09Hc5HYNz9cGI++xlpDCIgDaitVs03ATR84Q==}
    dev: false

  /lodash.snakecase@4.1.1:
    resolution: {integrity: sha512-QZ1d4xoBHYUeuouhEq3lk3Uq7ldgyFXGBhg04+oRLnIz8o9T65Eh+8YdroUwn846zchkA9yDsDl5CVVaV2nqYw==}
    dev: false

  /lodash@4.17.21:
    resolution: {integrity: sha512-v2kDEe57lecTulaDIuNTPy3Ry4gLGJ6Z1O3vE1krgXZNrsQ+LFTGHVxVjcXPs17LhbZVGedAJv8XZ1tvj5FvSg==}
    dev: false

  /magic-bytes.js@1.7.0:
    resolution: {integrity: sha512-YzVU2+/hrjwx8xcgAw+ffNq3jkactpj+f1iSL4LonrFKhvnwDzHSqtFdk/MMRP53y9ScouJ7cKEnqYsJwsHoYA==}
    dev: false

  /pocketbase@0.20.1:
    resolution: {integrity: sha512-Gl51UBc1U03JlwmwMkUIa1OHbcTmmdhyMPV1aJyHp9HuY5VUlh0t4hcx6D1fdhYsJcoh3kc6mpwhTBfXDoyn8w==}
    dev: false

  /ts-mixer@6.0.3:
    resolution: {integrity: sha512-k43M7uCG1AkTyxgnmI5MPwKoUvS/bRvLvUb7+Pgpdlmok8AoqmUaZxUUw8zKM5B1lqZrt41GjYgnvAi0fppqgQ==}
    dev: false

  /tslib@2.6.2:
    resolution: {integrity: sha512-AEYxH93jGFPn/a2iVAwW87VuUIkR1FVUKB77NwMF7nBTDkDrrT/Hpt/IrCJ0QXhW27jTBDcf5ZY7w6RiqTMw2Q==}
    dev: false

  /undici-types@5.26.5:
    resolution: {integrity: sha512-JlCMO+ehdEIKqlFxk6IfVoAUVmgz7cU7zD/h9XZ0qzeosSHmUJVOzSQvvYSYWXkFXC+IfLKSIffhv0sVZup6pA==}
    dev: false

  /undici@5.27.2:
    resolution: {integrity: sha512-iS857PdOEy/y3wlM3yRp+6SNQQ6xU0mmZcwRSriqk+et/cwWAtwmIGf6WkoDN2EK/AMdCO/dfXzIwi+rFMrjjQ==}
    engines: {node: '>=14.0'}
    dependencies:
      '@fastify/busboy': 2.1.0
    dev: false

  /ws@8.14.2:
    resolution: {integrity: sha512-wEBG1ftX4jcglPxgFCMJmZ2PLtSbJ2Peg6TmpJFTbe9GZYOQCDPdMYu/Tm0/bGZkw8paZnJY45J4K2PZrLYq8g==}
    engines: {node: '>=10.0.0'}
    peerDependencies:
      bufferutil: ^4.0.1
      utf-8-validate: '>=5.0.2'
    peerDependenciesMeta:
      bufferutil:
        optional: true
      utf-8-validate:
        optional: true
    dev: false
